
Microsoft Visual Studio Solution File, Format Version 12.00
# Visual Studio Version 16
VisualStudioVersion = 16.0.32228.343
MinimumVisualStudioVersion = 10.0.40219.1
Project("{F184B08F-C81C-45F6-A57F-5ABD9991F28F}") = "WebApplicationassessment1", "WebApplicationassessment1\WebApplicationassessment1.vbproj", "{E14EC02C-87E6-4B8D-B0DA-194A326496B5}"
EndProject
Global
	GlobalSection(SolutionConfigurationPlatforms) = preSolution
		Debug|Any CPU = Debug|Any CPU
		Release|Any CPU = Release|Any CPU
	EndGlobalSection
	GlobalSection(ProjectConfigurationPlatforms) = postSolution
		{E14EC02C-87E6-4B8D-B0DA-194A326496B5}.Debug|Any CPU.ActiveCfg = Debug|Any CPU
		{E14EC02C-87E6-4B8D-B0DA-194A326496B5}.Debug|Any CPU.Build.0 = Debug|Any CPU
		{E14EC02C-87E6-4B8D-B0DA-194A326496B5}.Release|Any CPU.ActiveCfg = Release|Any CPU
		{E14EC02C-87E6-4B8D-B0DA-194A326496B5}.Release|Any CPU.Build.0 = Release|Any CPU
	EndGlobalSection
	GlobalSection(SolutionProperties) = preSolution
		HideSolutionNode = FALSE
	EndGlobalSection
	GlobalSection(ExtensibilityGlobals) = postSolution
		SolutionGuid = {6EBE87A4-2BFF-4980-BF99-20C26F912569}
	EndGlobalSection
EndGlobal
